// !$*UTF8*$!
{
	archiveVersion = 1;
	classes = {
	};
	objectVersion = 55;
	objects = {

/* Begin PBXBuildFile section */
		850F57B028C1261700289469 /* ArithmeticaApp.swift in Sources */ = {isa = PBXBuildFile; fileRef = 850F57AF28C1261700289469 /* ArithmeticaApp.swift */; };
		850F57B228C1261700289469 /* ContentView.swift in Sources */ = {isa = PBXBuildFile; fileRef = 850F57B128C1261700289469 /* ContentView.swift */; };
		850F57B428C1261800289469 /* Assets.xcassets in Resources */ = {isa = PBXBuildFile; fileRef = 850F57B328C1261800289469 /* Assets.xcassets */; };
		850F57B728C1261800289469 /* Preview Assets.xcassets in Resources */ = {isa = PBXBuildFile; fileRef = 850F57B628C1261800289469 /* Preview Assets.xcassets */; };
		850F57C128C1261800289469 /* ArithmeticaTests.swift in Sources */ = {isa = PBXBuildFile; fileRef = 850F57C028C1261800289469 /* ArithmeticaTests.swift */; };
		850F57CB28C1261800289469 /* ArithmeticaUITests.swift in Sources */ = {isa = PBXBuildFile; fileRef = 850F57CA28C1261800289469 /* ArithmeticaUITests.swift */; };
		850F57CD28C1261800289469 /* ArithmeticaUITestsLaunchTests.swift in Sources */ = {isa = PBXBuildFile; fileRef = 850F57CC28C1261800289469 /* ArithmeticaUITestsLaunchTests.swift */; };
/* End PBXBuildFile section */

/* Begin PBXContainerItemProxy section */
		850F57BD28C1261800289469 /* PBXContainerItemProxy */ = {
			isa = PBXContainerItemProxy;
			containerPortal = 850F57A428C1261700289469 /* Project object */;
			proxyType = 1;
			remoteGlobalIDString = 850F57AB28C1261700289469;
			remoteInfo = Arithmetica;
		};
		850F57C728C1261800289469 /* PBXContainerItemProxy */ = {
			isa = PBXContainerItemProxy;
			containerPortal = 850F57A428C1261700289469 /* Project object */;
			proxyType = 1;
			remoteGlobalIDString = 850F57AB28C1261700289469;
			remoteInfo = Arithmetica;
		};
/* End PBXContainerItemProxy section */

/* Begin PBXFileReference section */
		850F57AC28C1261700289469 /* Arithmetica.app */ = {isa = PBXFileReference; explicitFileType = wrapper.application; includeInIndex = 0; path = Arithmetica.app; sourceTree = BUILT_PRODUCTS_DIR; };
		850F57AF28C1261700289469 /* ArithmeticaApp.swift */ = {isa = PBXFileReference; lastKnownFileType = sourcecode.swift; path = ArithmeticaApp.swift; sourceTree = "<group>"; };
		850F57B128C1261700289469 /* ContentView.swift */ = {isa = PBXFileReference; lastKnownFileType = sourcecode.swift; path = ContentView.swift; sourceTree = "<group>"; };
		850F57B328C1261800289469 /* Assets.xcassets */ = {isa = PBXFileReference; lastKnownFileType = folder.assetcatalog; path = Assets.xcassets; sourceTree = "<group>"; };
		850F57B628C1261800289469 /* Preview Assets.xcassets */ = {isa = PBXFileReference; lastKnownFileType = folder.assetcatalog; path = "Preview Assets.xcassets"; sourceTree = "<group>"; };
		850F57BC28C1261800289469 /* ArithmeticaTests.xctest */ = {isa = PBXFileReference; explicitFileType = wrapper.cfbundle; includeInIndex = 0; path = ArithmeticaTests.xctest; sourceTree = BUILT_PRODUCTS_DIR; };
		850F57C028C1261800289469 /* ArithmeticaTests.swift */ = {isa = PBXFileReference; lastKnownFileType = sourcecode.swift; path = ArithmeticaTests.swift; sourceTree = "<group>"; };
		850F57C628C1261800289469 /* ArithmeticaUITests.xctest */ = {isa = PBXFileReference; explicitFileType = wrapper.cfbundle; includeInIndex = 0; path = ArithmeticaUITests.xctest; sourceTree = BUILT_PRODUCTS_DIR; };
		850F57CA28C1261800289469 /* ArithmeticaUITests.swift */ = {isa = PBXFileReference; lastKnownFileType = sourcecode.swift; path = ArithmeticaUITests.swift; sourceTree = "<group>"; };
		850F57CC28C1261800289469 /* ArithmeticaUITestsLaunchTests.swift */ = {isa = PBXFileReference; lastKnownFileType = sourcecode.swift; path = ArithmeticaUITestsLaunchTests.swift; sourceTree = "<group>"; };
/* End PBXFileReference section */

/* Begin PBXFrameworksBuildPhase section */
		850F57A928C1261700289469 /* Frameworks */ = {
			isa = PBXFrameworksBuildPhase;
			buildActionMask = 2147483647;
			files = (
			);
			runOnlyForDeploymentPostprocessing = 0;
		};
		850F57B928C1261800289469 /* Frameworks */ = {
			isa = PBXFrameworksBuildPhase;
			buildActionMask = 2147483647;
			files = (
			);
			runOnlyForDeploymentPostprocessing = 0;
		};
		850F57C328C1261800289469 /* Frameworks */ = {
			isa = PBXFrameworksBuildPhase;
			buildActionMask = 2147483647;
			files = (
			);
			runOnlyForDeploymentPostprocessing = 0;
		};
/* End PBXFrameworksBuildPhase section */

/* Begin PBXGroup section */
		850F57A328C1261700289469 = {
			isa = PBXGroup;
			children = (
				850F57AE28C1261700289469 /* Arithmetica */,
				850F57BF28C1261800289469 /* ArithmeticaTests */,
				850F57C928C1261800289469 /* ArithmeticaUITests */,
				850F57AD28C1261700289469 /* Products */,
			);
			sourceTree = "<group>";
		};
		850F57AD28C1261700289469 /* Products */ = {
			isa = PBXGroup;
			children = (
				850F57AC28C1261700289469 /* Arithmetica.app */,
				850F57BC28C1261800289469 /* ArithmeticaTests.xctest */,
				850F57C628C1261800289469 /* ArithmeticaUITests.xctest */,
			);
			name = Products;
			sourceTree = "<group>";
		};
		850F57AE28C1261700289469 /* Arithmetica */ = {
			isa = PBXGroup;
			children = (
				850F57AF28C1261700289469 /* ArithmeticaApp.swift */,
				850F57B128C1261700289469 /* ContentView.swift */,
				850F57B328C1261800289469 /* Assets.xcassets */,
				850F57B528C1261800289469 /* Preview Content */,
			);
			path = Arithmetica;
			sourceTree = "<group>";
		};
		850F57B528C1261800289469 /* Preview Content */ = {
			isa = PBXGroup;
			children = (
				850F57B628C1261800289469 /* Preview Assets.xcassets */,
			);
			path = "Preview Content";
			sourceTree = "<group>";
		};
		850F57BF28C1261800289469 /* ArithmeticaTests */ = {
			isa = PBXGroup;
			children = (
				850F57C028C1261800289469 /* ArithmeticaTests.swift */,
			);
			path = ArithmeticaTests;
			sourceTree = "<group>";
		};
		850F57C928C1261800289469 /* ArithmeticaUITests */ = {
			isa = PBXGroup;
			children = (
				850F57CA28C1261800289469 /* ArithmeticaUITests.swift */,
				850F57CC28C1261800289469 /* ArithmeticaUITestsLaunchTests.swift */,
			);
			path = ArithmeticaUITests;
			sourceTree = "<group>";
		};
/* End PBXGroup section */

/* Begin PBXNativeTarget section */
		850F57AB28C1261700289469 /* Arithmetica */ = {
			isa = PBXNativeTarget;
			buildConfigurationList = 850F57D028C1261800289469 /* Build configuration list for PBXNativeTarget "Arithmetica" */;
			buildPhases = (
				850F57A828C1261700289469 /* Sources */,
				850F57A928C1261700289469 /* Frameworks */,
				850F57AA28C1261700289469 /* Resources */,
			);
			buildRules = (
			);
			dependencies = (
			);
			name = Arithmetica;
			productName = Arithmetica;
			productReference = 850F57AC28C1261700289469 /* Arithmetica.app */;
			productType = "com.apple.product-type.application";
		};
		850F57BB28C1261800289469 /* ArithmeticaTests */ = {
			isa = PBXNativeTarget;
			buildConfigurationList = 850F57D328C1261800289469 /* Build configuration list for PBXNativeTarget "ArithmeticaTests" */;
			buildPhases = (
				850F57B828C1261800289469 /* Sources */,
				850F57B928C1261800289469 /* Frameworks */,
				850F57BA28C1261800289469 /* Resources */,
			);
			buildRules = (
			);
			dependencies = (
				850F57BE28C1261800289469 /* PBXTargetDependency */,
			);
			name = ArithmeticaTests;
			productName = ArithmeticaTests;
			productReference = 850F57BC28C1261800289469 /* ArithmeticaTests.xctest */;
			productType = "com.apple.product-type.bundle.unit-test";
		};
		850F57C528C1261800289469 /* ArithmeticaUITests */ = {
			isa = PBXNativeTarget;
			buildConfigurationList = 850F57D628C1261800289469 /* Build configuration list for PBXNativeTarget "ArithmeticaUITests" */;
			buildPhases = (
				850F57C228C1261800289469 /* Sources */,
				850F57C328C1261800289469 /* Frameworks */,
				850F57C428C1261800289469 /* Resources */,
			);
			buildRules = (
			);
			dependencies = (
				850F57C828C1261800289469 /* PBXTargetDependency */,
			);
			name = ArithmeticaUITests;
			productName = ArithmeticaUITests;
			productReference = 850F57C628C1261800289469 /* ArithmeticaUITests.xctest */;
			productType = "com.apple.product-type.bundle.ui-testing";
		};
/* End PBXNativeTarget section */

/* Begin PBXProject section */
		850F57A428C1261700289469 /* Project object */ = {
			isa = PBXProject;
			attributes = {
				BuildIndependentTargetsInParallel = 1;
				LastSwiftUpdateCheck = 1340;
				LastUpgradeCheck = 1340;
				TargetAttributes = {
					850F57AB28C1261700289469 = {
						CreatedOnToolsVersion = 13.4.1;
					};
					850F57BB28C1261800289469 = {
						CreatedOnToolsVersion = 13.4.1;
						TestTargetID = 850F57AB28C1261700289469;
					};
					850F57C528C1261800289469 = {
						CreatedOnToolsVersion = 13.4.1;
						TestTargetID = 850F57AB28C1261700289469;
					};
				};
			};
			buildConfigurationList = 850F57A728C1261700289469 /* Build configuration list for PBXProject "Arithmetica" */;
			compatibilityVersion = "Xcode 13.0";
			developmentRegion = en;
			hasScannedForEncodings = 0;
			knownRegions = (
				en,
				Base,
			);
			mainGroup = 850F57A328C1261700289469;
			productRefGroup = 850F57AD28C1261700289469 /* Products */;
			projectDirPath = "";
			projectRoot = "";
			targets = (
				850F57AB28C1261700289469 /* Arithmetica */,
				850F57BB28C1261800289469 /* ArithmeticaTests */,
				850F57C528C1261800289469 /* ArithmeticaUITests */,
			);
		};
/* End PBXProject section */

/* Begin PBXResourcesBuildPhase section */
		850F57AA28C1261700289469 /* Resources */ = {
			isa = PBXResourcesBuildPhase;
			buildActionMask = 2147483647;
			files = (
				850F57B728C1261800289469 /* Preview Assets.xcassets in Resources */,
				850F57B428C1261800289469 /* Assets.xcassets in Resources */,
			);
			runOnlyForDeploymentPostprocessing = 0;
		};
		850F57BA28C1261800289469 /* Resources */ = {
			isa = PBXResourcesBuildPhase;
			buildActionMask = 2147483647;
			files = (
			);
			runOnlyForDeploymentPostprocessing = 0;
		};
		850F57C428C1261800289469 /* Resources */ = {
			isa = PBXResourcesBuildPhase;
			buildActionMask = 2147483647;
			files = (
			);
			runOnlyForDeploymentPostprocessing = 0;
		};
/* End PBXResourcesBuildPhase section */

/* Begin PBXSourcesBuildPhase section */
		850F57A828C1261700289469 /* Sources */ = {
			isa = PBXSourcesBuildPhase;
			buildActionMask = 2147483647;
			files = (
				850F57B228C1261700289469 /* ContentView.swift in Sources */,
				850F57B028C1261700289469 /* ArithmeticaApp.swift in Sources */,
			);
			runOnlyForDeploymentPostprocessing = 0;
		};
		850F57B828C1261800289469 /* Sources */ = {
			isa = PBXSourcesBuildPhase;
			buildActionMask = 2147483647;
			files = (
				850F57C128C1261800289469 /* ArithmeticaTests.swift in Sources */,
			);
			runOnlyForDeploymentPostprocessing = 0;
		};
		850F57C228C1261800289469 /* Sources */ = {
			isa = PBXSourcesBuildPhase;
			buildActionMask = 2147483647;
			files = (
				850F57CD28C1261800289469 /* ArithmeticaUITestsLaunchTests.swift in Sources */,
				850F57CB28C1261800289469 /* ArithmeticaUITests.swift in Sources */,
			);
			runOnlyForDeploymentPostprocessing = 0;
		};
/* End PBXSourcesBuildPhase section */

/* Begin PBXTargetDependency section */
		850F57BE28C1261800289469 /* PBXTargetDependency */ = {
			isa = PBXTargetDependency;
			target = 850F57AB28C1261700289469 /* Arithmetica */;
			targetProxy = 850F57BD28C1261800289469 /* PBXContainerItemProxy */;
		};
		850F57C828C1261800289469 /* PBXTargetDependency */ = {
			isa = PBXTargetDependency;
			target = 850F57AB28C1261700289469 /* Arithmetica */;
			targetProxy = 850F57C728C1261800289469 /* PBXContainerItemProxy */;
		};
/* End PBXTargetDependency section */

/* Begin XCBuildConfiguration section */
		850F57CE28C1261800289469 /* Debug */ = {
			isa = XCBuildConfiguration;
			buildSettings = {
				ALWAYS_SEARCH_USER_PATHS = NO;
				CLANG_ANALYZER_NONNULL = YES;
				CLANG_ANALYZER_NUMBER_OBJECT_CONVERSION = YES_AGGRESSIVE;
				CLANG_CXX_LANGUAGE_STANDARD = "gnu++17";
				CLANG_ENABLE_MODULES = YES;
				CLANG_ENABLE_OBJC_ARC = YES;
				CLANG_ENABLE_OBJC_WEAK = YES;
				CLANG_WARN_BLOCK_CAPTURE_AUTORELEASING = YES;
				CLANG_WARN_BOOL_CONVERSION = YES;
				CLANG_WARN_COMMA = YES;
				CLANG_WARN_CONSTANT_CONVERSION = YES;
				CLANG_WARN_DEPRECATED_OBJC_IMPLEMENTATIONS = YES;
				CLANG_WARN_DIRECT_OBJC_ISA_USAGE = YES_ERROR;
				CLANG_WARN_DOCUMENTATION_COMMENTS = YES;
				CLANG_WARN_EMPTY_BODY = YES;
				CLANG_WARN_ENUM_CONVERSION = YES;
				CLANG_WARN_INFINITE_RECURSION = YES;
				CLANG_WARN_INT_CONVERSION = YES;
				CLANG_WARN_NON_LITERAL_NULL_CONVERSION = YES;
				CLANG_WARN_OBJC_IMPLICIT_RETAIN_SELF = YES;
				CLANG_WARN_OBJC_LITERAL_CONVERSION = YES;
				CLANG_WARN_OBJC_ROOT_CLASS = YES_ERROR;
				CLANG_WARN_QUOTED_INCLUDE_IN_FRAMEWORK_HEADER = YES;
				CLANG_WARN_RANGE_LOOP_ANALYSIS = YES;
				CLANG_WARN_STRICT_PROTOTYPES = YES;
				CLANG_WARN_SUSPICIOUS_MOVE = YES;
				CLANG_WARN_UNGUARDED_AVAILABILITY = YES_AGGRESSIVE;
				CLANG_WARN_UNREACHABLE_CODE = YES;
				CLANG_WARN__DUPLICATE_METHOD_MATCH = YES;
				COPY_PHASE_STRIP = NO;
				DEBUG_INFORMATION_FORMAT = dwarf;
				ENABLE_STRICT_OBJC_MSGSEND = YES;
				ENABLE_TESTABILITY = YES;
				GCC_C_LANGUAGE_STANDARD = gnu11;
				GCC_DYNAMIC_NO_PIC = NO;
				GCC_NO_COMMON_BLOCKS = YES;
				GCC_OPTIMIZATION_LEVEL = 0;
				GCC_PREPROCESSOR_DEFINITIONS = (
					"DEBUG=1",
					"$(inherited)",
				);
				GCC_WARN_64_TO_32_BIT_CONVERSION = YES;
				GCC_WARN_ABOUT_RETURN_TYPE = YES_ERROR;
				GCC_WARN_UNDECLARED_SELECTOR = YES;
				GCC_WARN_UNINITIALIZED_AUTOS = YES_AGGRESSIVE;
				GCC_WARN_UNUSED_FUNCTION = YES;
				GCC_WARN_UNUSED_VARIABLE = YES;
				IPHONEOS_DEPLOYMENT_TARGET = 15.5;
				MTL_ENABLE_DEBUG_INFO = INCLUDE_SOURCE;
				MTL_FAST_MATH = YES;
				ONLY_ACTIVE_ARCH = YES;
				SDKROOT = iphoneos;
				SWIFT_ACTIVE_COMPILATION_CONDITIONS = DEBUG;
				SWIFT_OPTIMIZATION_LEVEL = "-Onone";
			};
			name = Debug;
		};
		850F57CF28C1261800289469 /* Release */ = {
			isa = XCBuildConfiguration;
			buildSettings = {
				ALWAYS_SEARCH_USER_PATHS = NO;
				CLANG_ANALYZER_NONNULL = YES;
				CLANG_ANALYZER_NUMBER_OBJECT_CONVERSION = YES_AGGRESSIVE;
				CLANG_CXX_LANGUAGE_STANDARD = "gnu++17";
				CLANG_ENABLE_MODULES = YES;
				CLANG_ENABLE_OBJC_ARC = YES;
				CLANG_ENABLE_OBJC_WEAK = YES;
				CLANG_WARN_BLOCK_CAPTURE_AUTORELEASING = YES;
				CLANG_WARN_BOOL_CONVERSION = YES;
				CLANG_WARN_COMMA = YES;
				CLANG_WARN_CONSTANT_CONVERSION = YES;
				CLANG_WARN_DEPRECATED_OBJC_IMPLEMENTATIONS = YES;
				CLANG_WARN_DIRECT_OBJC_ISA_USAGE = YES_ERROR;
				CLANG_WARN_DOCUMENTATION_COMMENTS = YES;
				CLANG_WARN_EMPTY_BODY = YES;
				CLANG_WARN_ENUM_CONVERSION = YES;
				CLANG_WARN_INFINITE_RECURSION = YES;
				CLANG_WARN_INT_CONVERSION = YES;
				CLANG_WARN_NON_LITERAL_NULL_CONVERSION = YES;
				CLANG_WARN_OBJC_IMPLICIT_RETAIN_SELF = YES;
				CLANG_WARN_OBJC_LITERAL_CONVERSION = YES;
				CLANG_WARN_OBJC_ROOT_CLASS = YES_ERROR;
				CLANG_WARN_QUOTED_INCLUDE_IN_FRAMEWORK_HEADER = YES;
				CLANG_WARN_RANGE_LOOP_ANALYSIS = YES;
				CLANG_WARN_STRICT_PROTOTYPES = YES;
				CLANG_WARN_SUSPICIOUS_MOVE = YES;
				CLANG_WARN_UNGUARDED_AVAILABILITY = YES_AGGRESSIVE;
				CLANG_WARN_UNREACHABLE_CODE = YES;
				CLANG_WARN__DUPLICATE_METHOD_MATCH = YES;
				COPY_PHASE_STRIP = NO;
				DEBUG_INFORMATION_FORMAT = "dwarf-with-dsym";
				ENABLE_NS_ASSERTIONS = NO;
				ENABLE_STRICT_OBJC_MSGSEND = YES;
				GCC_C_LANGUAGE_STANDARD = gnu11;
				GCC_NO_COMMON_BLOCKS = YES;
				GCC_WARN_64_TO_32_BIT_CONVERSION = YES;
				GCC_WARN_ABOUT_RETURN_TYPE = YES_ERROR;
				GCC_WARN_UNDECLARED_SELECTOR = YES;
				GCC_WARN_UNINITIALIZED_AUTOS = YES_AGGRESSIVE;
				GCC_WARN_UNUSED_FUNCTION = YES;
				GCC_WARN_UNUSED_VARIABLE = YES;
				IPHONEOS_DEPLOYMENT_TARGET = 15.5;
				MTL_ENABLE_DEBUG_INFO = NO;
				MTL_FAST_MATH = YES;
				SDKROOT = iphoneos;
				SWIFT_COMPILATION_MODE = wholemodule;
				SWIFT_OPTIMIZATION_LEVEL = "-O";
				VALIDATE_PRODUCT = YES;
			};
			name = Release;
		};
		850F57D128C1261800289469 /* Debug */ = {
			isa = XCBuildConfiguration;
			buildSettings = {
				ASSETCATALOG_COMPILER_APPICON_NAME = AppIcon;
				ASSETCATALOG_COMPILER_GLOBAL_ACCENT_COLOR_NAME = AccentColor;
				CODE_SIGN_STYLE = Automatic;
				CURRENT_PROJECT_VERSION = 1;
				DEVELOPMENT_ASSET_PATHS = "\"Arithmetica/Preview Content\"";
				DEVELOPMENT_TEAM = SAKN7A8HJH;
				ENABLE_PREVIEWS = YES;
				GENERATE_INFOPLIST_FILE = YES;
				INFOPLIST_KEY_UIApplicationSceneManifest_Generation = YES;
				INFOPLIST_KEY_UIApplicationSupportsIndirectInputEvents = YES;
				INFOPLIST_KEY_UILaunchScreen_Generation = YES;
				INFOPLIST_KEY_UISupportedInterfaceOrientations_iPad = "UIInterfaceOrientationPortrait UIInterfaceOrientationPortraitUpsideDown UIInterfaceOrientationLandscapeLeft UIInterfaceOrientationLandscapeRight";
				INFOPLIST_KEY_UISupportedInterfaceOrientations_iPhone = "UIInterfaceOrientationPortrait UIInterfaceOrientationLandscapeLeft UIInterfaceOrientationLandscapeRight";
				LD_RUNPATH_SEARCH_PATHS = (
					"$(inherited)",
					"@executable_path/Frameworks",
				);
				MARKETING_VERSION = 1.0;
				PRODUCT_BUNDLE_IDENTIFIER = maxyboy.Arithmetica;
				PRODUCT_NAME = "$(TARGET_NAME)";
				SWIFT_EMIT_LOC_STRINGS = YES;
				SWIFT_VERSION = 5.0;
				TARGETED_DEVICE_FAMILY = "1,2";
			};
			name = Debug;
		};
		850F57D228C1261800289469 /* Release */ = {
			isa = XCBuildConfiguration;
			buildSettings = {
				ASSETCATALOG_COMPILER_APPICON_NAME = AppIcon;
				ASSETCATALOG_COMPILER_GLOBAL_ACCENT_COLOR_NAME = AccentColor;
				CODE_SIGN_STYLE = Automatic;
				CURRENT_PROJECT_VERSION = 1;
				DEVELOPMENT_ASSET_PATHS = "\"Arithmetica/Preview Content\"";
				DEVELOPMENT_TEAM = SAKN7A8HJH;
				ENABLE_PREVIEWS = YES;
				GENERATE_INFOPLIST_FILE = YES;
				INFOPLIST_KEY_UIApplicationSceneManifest_Generation = YES;
				INFOPLIST_KEY_UIApplicationSupportsIndirectInputEvents = YES;
				INFOPLIST_KEY_UILaunchScreen_Generation = YES;
				INFOPLIST_KEY_UISupportedInterfaceOrientations_iPad = "UIInterfaceOrientationPortrait UIInterfaceOrientationPortraitUpsideDown UIInterfaceOrientationLandscapeLeft UIInterfaceOrientationLandscapeRight";
				INFOPLIST_KEY_UISupportedInterfaceOrientations_iPhone = "UIInterfaceOrientationPortrait UIInterfaceOrientationLandscapeLeft UIInterfaceOrientationLandscapeRight";
				LD_RUNPATH_SEARCH_PATHS = (
					"$(inherited)",
					"@executable_path/Frameworks",
				);
				MARKETING_VERSION = 1.0;
				PRODUCT_BUNDLE_IDENTIFIER = maxyboy.Arithmetica;
				PRODUCT_NAME = "$(TARGET_NAME)";
				SWIFT_EMIT_LOC_STRINGS = YES;
				SWIFT_VERSION = 5.0;
				TARGETED_DEVICE_FAMILY = "1,2";
			};
			name = Release;
		};
		850F57D428C1261800289469 /* Debug */ = {
			isa = XCBuildConfiguration;
			buildSettings = {
				ALWAYS_EMBED_SWIFT_STANDARD_LIBRARIES = YES;
				BUNDLE_LOADER = "$(TEST_HOST)";
				CODE_SIGN_STYLE = Automatic;
				CURRENT_PROJECT_VERSION = 1;
				DEVELOPMENT_TEAM = SAKN7A8HJH;
				GENERATE_INFOPLIST_FILE = YES;
				IPHONEOS_DEPLOYMENT_TARGET = 15.5;
				MARKETING_VERSION = 1.0;
				PRODUCT_BUNDLE_IDENTIFIER = maxyboy.ArithmeticaTests;
				PRODUCT_NAME = "$(TARGET_NAME)";
				SWIFT_EMIT_LOC_STRINGS = NO;
				SWIFT_VERSION = 5.0;
				TARGETED_DEVICE_FAMILY = "1,2";
				TEST_HOST = "$(BUILT_PRODUCTS_DIR)/Arithmetica.app/Arithmetica";
			};
			name = Debug;
		};
		850F57D528C1261800289469 /* Release */ = {
			isa = XCBuildConfiguration;
			buildSettings = {
				ALWAYS_EMBED_SWIFT_STANDARD_LIBRARIES = YES;
				BUNDLE_LOADER = "$(TEST_HOST)";
				CODE_SIGN_STYLE = Automatic;
				CURRENT_PROJECT_VERSION = 1;
				DEVELOPMENT_TEAM = SAKN7A8HJH;
				GENERATE_INFOPLIST_FILE = YES;
				IPHONEOS_DEPLOYMENT_TARGET = 15.5;
				MARKETING_VERSION = 1.0;
				PRODUCT_BUNDLE_IDENTIFIER = maxyboy.ArithmeticaTests;
				PRODUCT_NAME = "$(TARGET_NAME)";
				SWIFT_EMIT_LOC_STRINGS = NO;
				SWIFT_VERSION = 5.0;
				TARGETED_DEVICE_FAMILY = "1,2";
				TEST_HOST = "$(BUILT_PRODUCTS_DIR)/Arithmetica.app/Arithmetica";
			};
			name = Release;
		};
		850F57D728C1261800289469 /* Debug */ = {
			isa = XCBuildConfiguration;
			buildSettings = {
				ALWAYS_EMBED_SWIFT_STANDARD_LIBRARIES = YES;
				CODE_SIGN_STYLE = Automatic;
				CURRENT_PROJECT_VERSION = 1;
				DEVELOPMENT_TEAM = SAKN7A8HJH;
				GENERATE_INFOPLIST_FILE = YES;
				MARKETING_VERSION = 1.0;
				PRODUCT_BUNDLE_IDENTIFIER = maxyboy.ArithmeticaUITests;
				PRODUCT_NAME = "$(TARGET_NAME)";
				SWIFT_EMIT_LOC_STRINGS = NO;
				SWIFT_VERSION = 5.0;
				TARGETED_DEVICE_FAMILY = "1,2";
				TEST_TARGET_NAME = Arithmetica;
			};
			name = Debug;
		};
		850F57D828C1261800289469 /* Release */ = {
			isa = XCBuildConfiguration;
			buildSettings = {
				ALWAYS_EMBED_SWIFT_STANDARD_LIBRARIES = YES;
				CODE_SIGN_STYLE = Automatic;
				CURRENT_PROJECT_VERSION = 1;
				DEVELOPMENT_TEAM = SAKN7A8HJH;
				GENERATE_INFOPLIST_FILE = YES;
				MARKETING_VERSION = 1.0;
				PRODUCT_BUNDLE_IDENTIFIER = maxyboy.ArithmeticaUITests;
				PRODUCT_NAME = "$(TARGET_NAME)";
				SWIFT_EMIT_LOC_STRINGS = NO;
				SWIFT_VERSION = 5.0;
				TARGETED_DEVICE_FAMILY = "1,2";
				TEST_TARGET_NAME = Arithmetica;
			};
			name = Release;
		};
/* End XCBuildConfiguration section */

/* Begin XCConfigurationList section */
		850F57A728C1261700289469 /* Build configuration list for PBXProject "Arithmetica" */ = {
			isa = XCConfigurationList;
			buildConfigurations = (
				850F57CE28C1261800289469 /* Debug */,
				850F57CF28C1261800289469 /* Release */,
			);
			defaultConfigurationIsVisible = 0;
			defaultConfigurationName = Release;
		};
		850F57D028C1261800289469 /* Build configuration list for PBXNativeTarget "Arithmetica" */ = {
			isa = XCConfigurationList;
			buildConfigurations = (
				850F57D128C1261800289469 /* Debug */,
				850F57D228C1261800289469 /* Release */,
			);
			defaultConfigurationIsVisible = 0;
			defaultConfigurationName = Release;
		};
		850F57D328C1261800289469 /* Build configuration list for PBXNativeTarget "ArithmeticaTests" */ = {
			isa = XCConfigurationList;
			buildConfigurations = (
				850F57D428C1261800289469 /* Debug */,
				850F57D528C1261800289469 /* Release */,
			);
			defaultConfigurationIsVisible = 0;
			defaultConfigurationName = Release;
		};
		850F57D628C1261800289469 /* Build configuration list for PBXNativeTarget "ArithmeticaUITests" */ = {
			isa = XCConfigurationList;
			buildConfigurations = (
				850F57D728C1261800289469 /* Debug */,
				850F57D828C1261800289469 /* Release */,
			);
			defaultConfigurationIsVisible = 0;
			defaultConfigurationName = Release;
		};
/* End XCConfigurationList section */
	};
	rootObject = 850F57A428C1261700289469 /* Project object */;
}
